
Microsoft Visual Studio Solution File, Format Version 12.00
# Visual Studio Version 17
VisualStudioVersion = 17.6.33815.320
MinimumVisualStudioVersion = 10.0.40219.1
Project("{FAE04EC0-301F-11D3-BF4B-00C04F79EFBC}") = "Reprizo", "Reprizo\Reprizo.csproj", "{D5506CAE-B465-4132-A8F8-8C1EA95262BA}"
EndProject
Global
	GlobalSection(SolutionConfigurationPlatforms) = preSolution
		Debug|Any CPU = Debug|Any CPU
		Release|Any CPU = Release|Any CPU
	EndGlobalSection
	GlobalSection(ProjectConfigurationPlatforms) = postSolution
		{D5506CAE-B465-4132-A8F8-8C1EA95262BA}.Debug|Any CPU.ActiveCfg = Debug|Any CPU
		{D5506CAE-B465-4132-A8F8-8C1EA95262BA}.Debug|Any CPU.Build.0 = Debug|Any CPU
		{D5506CAE-B465-4132-A8F8-8C1EA95262BA}.Release|Any CPU.ActiveCfg = Release|Any CPU
		{D5506CAE-B465-4132-A8F8-8C1EA95262BA}.Release|Any CPU.Build.0 = Release|Any CPU
	EndGlobalSection
	GlobalSection(SolutionProperties) = preSolution
		HideSolutionNode = FALSE
	EndGlobalSection
	GlobalSection(ExtensibilityGlobals) = postSolution
		SolutionGuid = {F9E800B5-7173-4FE1-9886-2353F4B97284}
	EndGlobalSection
EndGlobal
